# THIS IS AN AUTOGENERATED FILE. DO NOT EDIT THIS FILE DIRECTLY.
# yarn lockfile v1


"@mapgen/mapgen@^1.1.1":
  version "1.1.1"
  resolved "https://registry.yarnpkg.com/@mapgen/mapgen/-/mapgen-1.1.1.tgz#b713fa26e12a55312a2e4cf3913a11b54e56d823"
  integrity sha512-rQxGChaoTYnsSCl0dlduNNbc9woTdOOaI9gv8VpGrcyrmQu77ffCiQsHwGF+UGxSo4SnF4Q0iNd7ua1+pxIWuQ==

"@types/node@*":
  version "10.12.18"
  resolved "https://registry.yarnpkg.com/@types/node/-/node-10.12.18.tgz#1d3ca764718915584fcd9f6344621b7672665c67"
  integrity sha512-fh+pAqt4xRzPfqA6eh3Z2y6fyZavRIumvjhaCL753+TVkGKGhpPeyrJG2JftD0T9q4GF00KjefsQ+PQNDdWQaQ==

"@types/pngjs@^3.3.2":
  version "3.3.2"
  resolved "https://registry.yarnpkg.com/@types/pngjs/-/pngjs-3.3.2.tgz#8ed3bd655ab3a92ea32ada7a21f618e63b93b1d4"
  integrity sha512-/SBsv93rVnjByzcau24rBwb+N7BHFp2LateaXz1e7m7M0Wzck/ymXTNdWVrCtkuMbwTHAnfdc3X/I/5szsTEAA==
  dependencies:
    "@types/node" "*"

pngjs@^3.3.3:
  version "3.3.3"
  resolved "https://registry.yarnpkg.com/pngjs/-/pngjs-3.3.3.tgz#85173703bde3edac8998757b96e5821d0966a21b"
  integrity sha512-1n3Z4p3IOxArEs1VRXnZ/RXdfEniAUS9jb68g58FIXMNkPJeZd+Qh4Uq7/e0LVxAQGos1eIUrqrt4FpjdnEd+Q==
